{
  "version": 1,
  "dependencies": {
    "net10.0-windows7.0": {
      "DalamudPackager": {
        "type": "Direct",
        "requested": "[14.0.1, )",
        "resolved": "14.0.1",
        "contentHash": "y0WWyUE6dhpGdolK3iKgwys05/nZaVf4ZPtIjpLhJBZvHxkkiE23zYRo7K7uqAgoK/QvK5cqF6l3VG5AbgC6KA=="
      },
      "DotNet.ReproducibleBuilds": {
        "type": "Direct",
        "requested": "[1.2.39, )",
        "resolved": "1.2.39",
        "contentHash": "fcFN01tDTIQqDuTwr1jUQK/geofiwjG5DycJQOnC72i1SsLAk1ELe+apBOuZ11UMQG8YKFZG1FgvjZPbqHyatg=="
      },
      "Humanizer.Core": {
        "type": "Direct",
        "requested": "[2.14.1, )",
        "resolved": "2.14.1",
        "contentHash": "lQKvtaTDOXnoVJ20ibTuSIOf2i0uO0MPbDhd1jm238I+U/2ZnRENj0cktKZhtchBMtCUSRQ5v4xBCUbKNmyVMw=="
      },
      "Metalama.Extensions.DependencyInjection": {
        "type": "Direct",
        "requested": "[2025.1.12, )",
        "resolved": "2025.1.12",
        "contentHash": "12+AIId9vns88ZkZROm3ytruByWKZFgu5k762lbaGmPFmWtAmcTtju0zM/FsLNEuVMY5l/9o14Mkp7CIYI3/rQ==",
        "dependencies": {
          "JetBrains.Annotations": "2024.2.0",
          "Metalama.Framework": "2025.1.12"
        }
      },
      "Metalama.Framework": {
        "type": "Direct",
        "requested": "[2025.1.12, )",
        "resolved": "2025.1.12",
        "contentHash": "xBw9bL1DpLwUrduKRvFBFvRo4DTG/zWttXRNP2EN2gGoP8inlvo/XOLxSPsnLMuYP6Q/guqZAbO9oXfYqrH4sw==",
        "dependencies": {
          "Metalama.Compiler": "2025.1.6",
          "Metalama.Framework.Redist": "2025.1.12"
        }
      },
      "JetBrains.Annotations": {
        "type": "Transitive",
        "resolved": "2024.2.0",
        "contentHash": "GNnqCFW/163p1fOehKx0CnAqjmpPrUSqrgfHM6qca+P+RN39C9rhlfZHQpJhxmQG/dkOYe/b3Z0P8b6Kv5m1qw=="
      },
      "Metalama.Compiler": {
        "type": "Transitive",
        "resolved": "2025.1.6",
        "contentHash": "0cpjwwV+Iw4GrVUBfm4n945pmNjEEJQrqYqRJbBChQSxe3ZWKCGos5YS4NKCw7DC+0ASCDW4DcQ9s0ag+78J2g=="
      },
      "Metalama.Framework.Redist": {
        "type": "Transitive",
        "resolved": "2025.1.12",
        "contentHash": "6yC0DDO35tFfEjcS1naLLo0aDGVgXE/SBRJzUj0yNeg0lgL75SBAZxVWNM11HyphdYLib1pZfrSkK2v0usxRbA=="
      },
      "Microsoft.Extensions.DependencyInjection": {
        "type": "Transitive",
        "resolved": "10.0.1",
        "contentHash": "zerXV0GAR9LCSXoSIApbWn+Dq1/T+6vbXMHGduq1LoVQRHT0BXsGQEau0jeLUBUcsoF/NaUT8ADPu8b+eNcIyg==",
        "dependencies": {
          "Microsoft.Extensions.DependencyInjection.Abstractions": "10.0.1"
        }
      },
      "Microsoft.Extensions.DependencyInjection.Abstractions": {
        "type": "Transitive",
        "resolved": "10.0.1",
        "contentHash": "oIy8fQxxbUsSrrOvgBqlVgOeCtDmrcynnTG+FQufcUWBrwyPfwlUkCDB2vaiBeYPyT+20u9/HeuHeBf+H4F/8g=="
      },
      "dalamudbasics": {
        "type": "Project",
        "dependencies": {
          "ECommons": "[3.1.0.6-stg, )",
          "Microsoft.Extensions.DependencyInjection": "[10.0.1, )"
        }
      },
      "ecommons": {
        "type": "Project"
      }
    }
  }
}